{
  "name": "ecommunity",
  "version": "1.0.0",
  "lockfileVersion": 1,
  "requires": true,
  "dependencies": {
    "wechat-request": {
      "version": "2.5.1",
      "resolved": "https://registry.nlark.com/wechat-request/download/wechat-request-2.5.1.tgz",
      "integrity": "sha1-Ta8AG+b5DXed4QLo8lcbmu0a2DU="
    }
  }
}
